[[package]]
name = "cc"
version = "1.0.29"
source = "registry+https://github.com/rust-lang/crates.io-index"

[[package]]
name = "fs_extra"
version = "1.1.0"
source = "registry+https://github.com/rust-lang/crates.io-index"

[[package]]
name = "jemalloc-sys"
version = "0.1.8"
source = "registry+https://github.com/rust-lang/crates.io-index"
dependencies = [
 "cc 1.0.29 (registry+https://github.com/rust-lang/crates.io-index)",
 "fs_extra 1.1.0 (registry+https://github.com/rust-lang/crates.io-index)",
 "libc 0.2.49 (registry+https://github.com/rust-lang/crates.io-index)",
]

[[package]]
name = "jemallocator"
version = "0.1.9"
source = "registry+https://github.com/rust-lang/crates.io-index"
dependencies = [
 "jemalloc-sys 0.1.8 (registry+https://github.com/rust-lang/crates.io-index)",
 "libc 0.2.49 (registry+https://github.com/rust-lang/crates.io-index)",
]

[[package]]
name = "libc"
version = "0.2.49"
source = "registry+https://github.com/rust-lang/crates.io-index"

[[package]]
name = "test-path-canonicalize"
version = "0.1.0"
dependencies = [
 "jemallocator 0.1.9 (registry+https://github.com/rust-lang/crates.io-index)",
]

[metadata]
"checksum cc 1.0.29 (registry+https://github.com/rust-lang/crates.io-index)" = "4390a3b5f4f6bce9c1d0c00128379df433e53777fdd30e92f16a529332baec4e"
"checksum fs_extra 1.1.0 (registry+https://github.com/rust-lang/crates.io-index)" = "5f2a4a2034423744d2cc7ca2068453168dcdb82c438419e639a26bd87839c674"
"checksum jemalloc-sys 0.1.8 (registry+https://github.com/rust-lang/crates.io-index)" = "bfc62c8e50e381768ce8ee0428ee53741929f7ebd73e4d83f669bcf7693e00ae"
"checksum jemallocator 0.1.9 (registry+https://github.com/rust-lang/crates.io-index)" = "9f0cd42ac65f758063fea55126b0148b1ce0a6354ff78e07a4d6806bc65c4ab3"
"checksum libc 0.2.49 (registry+https://github.com/rust-lang/crates.io-index)" = "413f3dfc802c5dc91dc570b05125b6cda9855edfaa9825c9849807876376e70e"
